// !$*UTF8*$!
{
	archiveVersion = 1;
	classes = {
	};
	objectVersion = 50;
	objects = {

/* Begin PBXBuildFile section */
		3C0478462591034700573417 /* Extensions.swift in Sources */ = {isa = PBXBuildFile; fileRef = 3C0478452591034700573417 /* Extensions.swift */; };
		3C04784C2591243A00573417 /* LoginController.swift in Sources */ = {isa = PBXBuildFile; fileRef = 3C04784B2591243A00573417 /* LoginController.swift */; };
		3C047851259124F900573417 /* RegistrationController.swift in Sources */ = {isa = PBXBuildFile; fileRef = 3C047850259124F900573417 /* RegistrationController.swift */; };
		3C7C8B1E2587F6C7001921B0 /* AppDelegate.swift in Sources */ = {isa = PBXBuildFile; fileRef = 3C7C8B1D2587F6C7001921B0 /* AppDelegate.swift */; };
		3C7C8B202587F6C7001921B0 /* SceneDelegate.swift in Sources */ = {isa = PBXBuildFile; fileRef = 3C7C8B1F2587F6C7001921B0 /* SceneDelegate.swift */; };
		3C7C8B252587F6C7001921B0 /* Main.storyboard in Resources */ = {isa = PBXBuildFile; fileRef = 3C7C8B232587F6C7001921B0 /* Main.storyboard */; };
		3C7C8B282587F6C7001921B0 /* TwitterClone.xcdatamodeld in Sources */ = {isa = PBXBuildFile; fileRef = 3C7C8B262587F6C7001921B0 /* TwitterClone.xcdatamodeld */; };
		3C7C8B2A2587F6CE001921B0 /* Assets.xcassets in Resources */ = {isa = PBXBuildFile; fileRef = 3C7C8B292587F6CE001921B0 /* Assets.xcassets */; };
		3C7C8B2D2587F6CE001921B0 /* LaunchScreen.storyboard in Resources */ = {isa = PBXBuildFile; fileRef = 3C7C8B2B2587F6CE001921B0 /* LaunchScreen.storyboard */; };
		3C7C8B382587F6CE001921B0 /* TwitterCloneTests.swift in Sources */ = {isa = PBXBuildFile; fileRef = 3C7C8B372587F6CE001921B0 /* TwitterCloneTests.swift */; };
		3C7C8B432587F6CE001921B0 /* TwitterCloneUITests.swift in Sources */ = {isa = PBXBuildFile; fileRef = 3C7C8B422587F6CE001921B0 /* TwitterCloneUITests.swift */; };
		3C7C8B5E2587F873001921B0 /* MainTabController.swift in Sources */ = {isa = PBXBuildFile; fileRef = 3C7C8B5D2587F873001921B0 /* MainTabController.swift */; };
		3C7C8B632587FD04001921B0 /* FeedController.swift in Sources */ = {isa = PBXBuildFile; fileRef = 3C7C8B622587FD04001921B0 /* FeedController.swift */; };
		3C7C8B682587FD5D001921B0 /* ExploreController.swift in Sources */ = {isa = PBXBuildFile; fileRef = 3C7C8B672587FD5D001921B0 /* ExploreController.swift */; };
		3C7C8B6D2587FD73001921B0 /* NotificationsController.swift in Sources */ = {isa = PBXBuildFile; fileRef = 3C7C8B6C2587FD73001921B0 /* NotificationsController.swift */; };
		3C7C8B722587FD8D001921B0 /* ConversationsController.swift in Sources */ = {isa = PBXBuildFile; fileRef = 3C7C8B712587FD8D001921B0 /* ConversationsController.swift */; };
		3C87F32325926A3A00DA77B8 /* Utilities.swift in Sources */ = {isa = PBXBuildFile; fileRef = 3C87F32225926A3A00DA77B8 /* Utilities.swift */; };
/* End PBXBuildFile section */

/* Begin PBXContainerItemProxy section */
		3C7C8B342587F6CE001921B0 /* PBXContainerItemProxy */ = {
			isa = PBXContainerItemProxy;
			containerPortal = 3C7C8B122587F6C7001921B0 /* Project object */;
			proxyType = 1;
			remoteGlobalIDString = 3C7C8B192587F6C7001921B0;
			remoteInfo = TwitterClone;
		};
		3C7C8B3F2587F6CE001921B0 /* PBXContainerItemProxy */ = {
			isa = PBXContainerItemProxy;
			containerPortal = 3C7C8B122587F6C7001921B0 /* Project object */;
			proxyType = 1;
			remoteGlobalIDString = 3C7C8B192587F6C7001921B0;
			remoteInfo = TwitterClone;
		};
/* End PBXContainerItemProxy section */

/* Begin PBXFileReference section */
		3C0478452591034700573417 /* Extensions.swift */ = {isa = PBXFileReference; lastKnownFileType = sourcecode.swift; path = Extensions.swift; sourceTree = "<group>"; };
		3C04784B2591243A00573417 /* LoginController.swift */ = {isa = PBXFileReference; lastKnownFileType = sourcecode.swift; path = LoginController.swift; sourceTree = "<group>"; };
		3C047850259124F900573417 /* RegistrationController.swift */ = {isa = PBXFileReference; lastKnownFileType = sourcecode.swift; path = RegistrationController.swift; sourceTree = "<group>"; };
		3C7C8B1A2587F6C7001921B0 /* TwitterClone.app */ = {isa = PBXFileReference; explicitFileType = wrapper.application; includeInIndex = 0; path = TwitterClone.app; sourceTree = BUILT_PRODUCTS_DIR; };
		3C7C8B1D2587F6C7001921B0 /* AppDelegate.swift */ = {isa = PBXFileReference; lastKnownFileType = sourcecode.swift; path = AppDelegate.swift; sourceTree = "<group>"; };
		3C7C8B1F2587F6C7001921B0 /* SceneDelegate.swift */ = {isa = PBXFileReference; lastKnownFileType = sourcecode.swift; path = SceneDelegate.swift; sourceTree = "<group>"; };
		3C7C8B242587F6C7001921B0 /* Base */ = {isa = PBXFileReference; lastKnownFileType = file.storyboard; name = Base; path = Base.lproj/Main.storyboard; sourceTree = "<group>"; };
		3C7C8B272587F6C7001921B0 /* TwitterClone.xcdatamodel */ = {isa = PBXFileReference; lastKnownFileType = wrapper.xcdatamodel; path = TwitterClone.xcdatamodel; sourceTree = "<group>"; };
		3C7C8B292587F6CE001921B0 /* Assets.xcassets */ = {isa = PBXFileReference; lastKnownFileType = folder.assetcatalog; path = Assets.xcassets; sourceTree = "<group>"; };
		3C7C8B2C2587F6CE001921B0 /* Base */ = {isa = PBXFileReference; lastKnownFileType = file.storyboard; name = Base; path = Base.lproj/LaunchScreen.storyboard; sourceTree = "<group>"; };
		3C7C8B2E2587F6CE001921B0 /* Info.plist */ = {isa = PBXFileReference; lastKnownFileType = text.plist.xml; path = Info.plist; sourceTree = "<group>"; };
		3C7C8B332587F6CE001921B0 /* TwitterCloneTests.xctest */ = {isa = PBXFileReference; explicitFileType = wrapper.cfbundle; includeInIndex = 0; path = TwitterCloneTests.xctest; sourceTree = BUILT_PRODUCTS_DIR; };
		3C7C8B372587F6CE001921B0 /* TwitterCloneTests.swift */ = {isa = PBXFileReference; lastKnownFileType = sourcecode.swift; path = TwitterCloneTests.swift; sourceTree = "<group>"; };
		3C7C8B392587F6CE001921B0 /* Info.plist */ = {isa = PBXFileReference; lastKnownFileType = text.plist.xml; path = Info.plist; sourceTree = "<group>"; };
		3C7C8B3E2587F6CE001921B0 /* TwitterCloneUITests.xctest */ = {isa = PBXFileReference; explicitFileType = wrapper.cfbundle; includeInIndex = 0; path = TwitterCloneUITests.xctest; sourceTree = BUILT_PRODUCTS_DIR; };
		3C7C8B422587F6CE001921B0 /* TwitterCloneUITests.swift */ = {isa = PBXFileReference; lastKnownFileType = sourcecode.swift; path = TwitterCloneUITests.swift; sourceTree = "<group>"; };
		3C7C8B442587F6CE001921B0 /* Info.plist */ = {isa = PBXFileReference; lastKnownFileType = text.plist.xml; path = Info.plist; sourceTree = "<group>"; };
		3C7C8B5D2587F873001921B0 /* MainTabController.swift */ = {isa = PBXFileReference; lastKnownFileType = sourcecode.swift; path = MainTabController.swift; sourceTree = "<group>"; };
		3C7C8B622587FD04001921B0 /* FeedController.swift */ = {isa = PBXFileReference; lastKnownFileType = sourcecode.swift; path = FeedController.swift; sourceTree = "<group>"; };
		3C7C8B672587FD5D001921B0 /* ExploreController.swift */ = {isa = PBXFileReference; lastKnownFileType = sourcecode.swift; path = ExploreController.swift; sourceTree = "<group>"; };
		3C7C8B6C2587FD73001921B0 /* NotificationsController.swift */ = {isa = PBXFileReference; lastKnownFileType = sourcecode.swift; path = NotificationsController.swift; sourceTree = "<group>"; };
		3C7C8B712587FD8D001921B0 /* ConversationsController.swift */ = {isa = PBXFileReference; lastKnownFileType = sourcecode.swift; path = ConversationsController.swift; sourceTree = "<group>"; };
		3C87F32225926A3A00DA77B8 /* Utilities.swift */ = {isa = PBXFileReference; lastKnownFileType = sourcecode.swift; path = Utilities.swift; sourceTree = "<group>"; };
/* End PBXFileReference section */

/* Begin PBXFrameworksBuildPhase section */
		3C7C8B172587F6C7001921B0 /* Frameworks */ = {
			isa = PBXFrameworksBuildPhase;
			buildActionMask = 2147483647;
			files = (
			);
			runOnlyForDeploymentPostprocessing = 0;
		};
		3C7C8B302587F6CE001921B0 /* Frameworks */ = {
			isa = PBXFrameworksBuildPhase;
			buildActionMask = 2147483647;
			files = (
			);
			runOnlyForDeploymentPostprocessing = 0;
		};
		3C7C8B3B2587F6CE001921B0 /* Frameworks */ = {
			isa = PBXFrameworksBuildPhase;
			buildActionMask = 2147483647;
			files = (
			);
			runOnlyForDeploymentPostprocessing = 0;
		};
/* End PBXFrameworksBuildPhase section */

/* Begin PBXGroup section */
		3C04784A2591241D00573417 /* Auth */ = {
			isa = PBXGroup;
			children = (
				3C04784B2591243A00573417 /* LoginController.swift */,
				3C047850259124F900573417 /* RegistrationController.swift */,
			);
			path = Auth;
			sourceTree = "<group>";
		};
		3C7C8B112587F6C7001921B0 = {
			isa = PBXGroup;
			children = (
				3C7C8B1C2587F6C7001921B0 /* TwitterClone */,
				3C7C8B362587F6CE001921B0 /* TwitterCloneTests */,
				3C7C8B412587F6CE001921B0 /* TwitterCloneUITests */,
				3C7C8B1B2587F6C7001921B0 /* Products */,
			);
			sourceTree = "<group>";
		};
		3C7C8B1B2587F6C7001921B0 /* Products */ = {
			isa = PBXGroup;
			children = (
				3C7C8B1A2587F6C7001921B0 /* TwitterClone.app */,
				3C7C8B332587F6CE001921B0 /* TwitterCloneTests.xctest */,
				3C7C8B3E2587F6CE001921B0 /* TwitterCloneUITests.xctest */,
			);
			name = Products;
			sourceTree = "<group>";
		};
		3C7C8B1C2587F6C7001921B0 /* TwitterClone */ = {
			isa = PBXGroup;
			children = (
				3C7C8B592587F782001921B0 /* Model */,
				3C7C8B582587F781001921B0 /* View */,
				3C7C8B572587F77E001921B0 /* ViewModel */,
				3C7C8B562587F77C001921B0 /* Controller */,
				3C7C8B542587F775001921B0 /* API */,
				3C7C8B532587F735001921B0 /* Utils */,
				3C7C8B1D2587F6C7001921B0 /* AppDelegate.swift */,
				3C7C8B1F2587F6C7001921B0 /* SceneDelegate.swift */,
				3C7C8B232587F6C7001921B0 /* Main.storyboard */,
				3C7C8B292587F6CE001921B0 /* Assets.xcassets */,
				3C7C8B2B2587F6CE001921B0 /* LaunchScreen.storyboard */,
				3C7C8B2E2587F6CE001921B0 /* Info.plist */,
				3C7C8B262587F6C7001921B0 /* TwitterClone.xcdatamodeld */,
			);
			path = TwitterClone;
			sourceTree = "<group>";
		};
		3C7C8B362587F6CE001921B0 /* TwitterCloneTests */ = {
			isa = PBXGroup;
			children = (
				3C7C8B372587F6CE001921B0 /* TwitterCloneTests.swift */,
				3C7C8B392587F6CE001921B0 /* Info.plist */,
			);
			path = TwitterCloneTests;
			sourceTree = "<group>";
		};
		3C7C8B412587F6CE001921B0 /* TwitterCloneUITests */ = {
			isa = PBXGroup;
			children = (
				3C7C8B422587F6CE001921B0 /* TwitterCloneUITests.swift */,
				3C7C8B442587F6CE001921B0 /* Info.plist */,
			);
			path = TwitterCloneUITests;
			sourceTree = "<group>";
		};
		3C7C8B532587F735001921B0 /* Utils */ = {
			isa = PBXGroup;
			children = (
				3C0478452591034700573417 /* Extensions.swift */,
				3C87F32225926A3A00DA77B8 /* Utilities.swift */,
			);
			path = Utils;
			sourceTree = "<group>";
		};
		3C7C8B542587F775001921B0 /* API */ = {
			isa = PBXGroup;
			children = (
			);
			path = API;
			sourceTree = "<group>";
		};
		3C7C8B562587F77C001921B0 /* Controller */ = {
			isa = PBXGroup;
			children = (
				3C04784A2591241D00573417 /* Auth */,
				3C7C8B5D2587F873001921B0 /* MainTabController.swift */,
				3C7C8B622587FD04001921B0 /* FeedController.swift */,
				3C7C8B672587FD5D001921B0 /* ExploreController.swift */,
				3C7C8B6C2587FD73001921B0 /* NotificationsController.swift */,
				3C7C8B712587FD8D001921B0 /* ConversationsController.swift */,
			);
			path = Controller;
			sourceTree = "<group>";
		};
		3C7C8B572587F77E001921B0 /* ViewModel */ = {
			isa = PBXGroup;
			children = (
			);
			path = ViewModel;
			sourceTree = "<group>";
		};
		3C7C8B582587F781001921B0 /* View */ = {
			isa = PBXGroup;
			children = (
			);
			path = View;
			sourceTree = "<group>";
		};
		3C7C8B592587F782001921B0 /* Model */ = {
			isa = PBXGroup;
			children = (
			);
			path = Model;
			sourceTree = "<group>";
		};
/* End PBXGroup section */

/* Begin PBXNativeTarget section */
		3C7C8B192587F6C7001921B0 /* TwitterClone */ = {
			isa = PBXNativeTarget;
			buildConfigurationList = 3C7C8B472587F6CF001921B0 /* Build configuration list for PBXNativeTarget "TwitterClone" */;
			buildPhases = (
				3C7C8B162587F6C7001921B0 /* Sources */,
				3C7C8B172587F6C7001921B0 /* Frameworks */,
				3C7C8B182587F6C7001921B0 /* Resources */,
			);
			buildRules = (
			);
			dependencies = (
			);
			name = TwitterClone;
			productName = TwitterClone;
			productReference = 3C7C8B1A2587F6C7001921B0 /* TwitterClone.app */;
			productType = "com.apple.product-type.application";
		};
		3C7C8B322587F6CE001921B0 /* TwitterCloneTests */ = {
			isa = PBXNativeTarget;
			buildConfigurationList = 3C7C8B4A2587F6CF001921B0 /* Build configuration list for PBXNativeTarget "TwitterCloneTests" */;
			buildPhases = (
				3C7C8B2F2587F6CE001921B0 /* Sources */,
				3C7C8B302587F6CE001921B0 /* Frameworks */,
				3C7C8B312587F6CE001921B0 /* Resources */,
			);
			buildRules = (
			);
			dependencies = (
				3C7C8B352587F6CE001921B0 /* PBXTargetDependency */,
			);
			name = TwitterCloneTests;
			productName = TwitterCloneTests;
			productReference = 3C7C8B332587F6CE001921B0 /* TwitterCloneTests.xctest */;
			productType = "com.apple.product-type.bundle.unit-test";
		};
		3C7C8B3D2587F6CE001921B0 /* TwitterCloneUITests */ = {
			isa = PBXNativeTarget;
			buildConfigurationList = 3C7C8B4D2587F6CF001921B0 /* Build configuration list for PBXNativeTarget "TwitterCloneUITests" */;
			buildPhases = (
				3C7C8B3A2587F6CE001921B0 /* Sources */,
				3C7C8B3B2587F6CE001921B0 /* Frameworks */,
				3C7C8B3C2587F6CE001921B0 /* Resources */,
			);
			buildRules = (
			);
			dependencies = (
				3C7C8B402587F6CE001921B0 /* PBXTargetDependency */,
			);
			name = TwitterCloneUITests;
			productName = TwitterCloneUITests;
			productReference = 3C7C8B3E2587F6CE001921B0 /* TwitterCloneUITests.xctest */;
			productType = "com.apple.product-type.bundle.ui-testing";
		};
/* End PBXNativeTarget section */

/* Begin PBXProject section */
		3C7C8B122587F6C7001921B0 /* Project object */ = {
			isa = PBXProject;
			attributes = {
				LastSwiftUpdateCheck = 1220;
				LastUpgradeCheck = 1220;
				TargetAttributes = {
					3C7C8B192587F6C7001921B0 = {
						CreatedOnToolsVersion = 12.2;
					};
					3C7C8B322587F6CE001921B0 = {
						CreatedOnToolsVersion = 12.2;
						TestTargetID = 3C7C8B192587F6C7001921B0;
					};
					3C7C8B3D2587F6CE001921B0 = {
						CreatedOnToolsVersion = 12.2;
						TestTargetID = 3C7C8B192587F6C7001921B0;
					};
				};
			};
			buildConfigurationList = 3C7C8B152587F6C7001921B0 /* Build configuration list for PBXProject "TwitterClone" */;
			compatibilityVersion = "Xcode 9.3";
			developmentRegion = en;
			hasScannedForEncodings = 0;
			knownRegions = (
				en,
				Base,
			);
			mainGroup = 3C7C8B112587F6C7001921B0;
			productRefGroup = 3C7C8B1B2587F6C7001921B0 /* Products */;
			projectDirPath = "";
			projectRoot = "";
			targets = (
				3C7C8B192587F6C7001921B0 /* TwitterClone */,
				3C7C8B322587F6CE001921B0 /* TwitterCloneTests */,
				3C7C8B3D2587F6CE001921B0 /* TwitterCloneUITests */,
			);
		};
/* End PBXProject section */

/* Begin PBXResourcesBuildPhase section */
		3C7C8B182587F6C7001921B0 /* Resources */ = {
			isa = PBXResourcesBuildPhase;
			buildActionMask = 2147483647;
			files = (
				3C7C8B2D2587F6CE001921B0 /* LaunchScreen.storyboard in Resources */,
				3C7C8B2A2587F6CE001921B0 /* Assets.xcassets in Resources */,
				3C7C8B252587F6C7001921B0 /* Main.storyboard in Resources */,
			);
			runOnlyForDeploymentPostprocessing = 0;
		};
		3C7C8B312587F6CE001921B0 /* Resources */ = {
			isa = PBXResourcesBuildPhase;
			buildActionMask = 2147483647;
			files = (
			);
			runOnlyForDeploymentPostprocessing = 0;
		};
		3C7C8B3C2587F6CE001921B0 /* Resources */ = {
			isa = PBXResourcesBuildPhase;
			buildActionMask = 2147483647;
			files = (
			);
			runOnlyForDeploymentPostprocessing = 0;
		};
/* End PBXResourcesBuildPhase section */

/* Begin PBXSourcesBuildPhase section */
		3C7C8B162587F6C7001921B0 /* Sources */ = {
			isa = PBXSourcesBuildPhase;
			buildActionMask = 2147483647;
			files = (
				3C7C8B282587F6C7001921B0 /* TwitterClone.xcdatamodeld in Sources */,
				3C0478462591034700573417 /* Extensions.swift in Sources */,
				3C7C8B1E2587F6C7001921B0 /* AppDelegate.swift in Sources */,
				3C7C8B722587FD8D001921B0 /* ConversationsController.swift in Sources */,
				3C7C8B632587FD04001921B0 /* FeedController.swift in Sources */,
				3C7C8B5E2587F873001921B0 /* MainTabController.swift in Sources */,
				3C87F32325926A3A00DA77B8 /* Utilities.swift in Sources */,
				3C047851259124F900573417 /* RegistrationController.swift in Sources */,
				3C7C8B6D2587FD73001921B0 /* NotificationsController.swift in Sources */,
				3C7C8B202587F6C7001921B0 /* SceneDelegate.swift in Sources */,
				3C7C8B682587FD5D001921B0 /* ExploreController.swift in Sources */,
				3C04784C2591243A00573417 /* LoginController.swift in Sources */,
			);
			runOnlyForDeploymentPostprocessing = 0;
		};
		3C7C8B2F2587F6CE001921B0 /* Sources */ = {
			isa = PBXSourcesBuildPhase;
			buildActionMask = 2147483647;
			files = (
				3C7C8B382587F6CE001921B0 /* TwitterCloneTests.swift in Sources */,
			);
			runOnlyForDeploymentPostprocessing = 0;
		};
		3C7C8B3A2587F6CE001921B0 /* Sources */ = {
			isa = PBXSourcesBuildPhase;
			buildActionMask = 2147483647;
			files = (
				3C7C8B432587F6CE001921B0 /* TwitterCloneUITests.swift in Sources */,
			);
			runOnlyForDeploymentPostprocessing = 0;
		};
/* End PBXSourcesBuildPhase section */

/* Begin PBXTargetDependency section */
		3C7C8B352587F6CE001921B0 /* PBXTargetDependency */ = {
			isa = PBXTargetDependency;
			target = 3C7C8B192587F6C7001921B0 /* TwitterClone */;
			targetProxy = 3C7C8B342587F6CE001921B0 /* PBXContainerItemProxy */;
		};
		3C7C8B402587F6CE001921B0 /* PBXTargetDependency */ = {
			isa = PBXTargetDependency;
			target = 3C7C8B192587F6C7001921B0 /* TwitterClone */;
			targetProxy = 3C7C8B3F2587F6CE001921B0 /* PBXContainerItemProxy */;
		};
/* End PBXTargetDependency section */

/* Begin PBXVariantGroup section */
		3C7C8B232587F6C7001921B0 /* Main.storyboard */ = {
			isa = PBXVariantGroup;
			children = (
				3C7C8B242587F6C7001921B0 /* Base */,
			);
			name = Main.storyboard;
			sourceTree = "<group>";
		};
		3C7C8B2B2587F6CE001921B0 /* LaunchScreen.storyboard */ = {
			isa = PBXVariantGroup;
			children = (
				3C7C8B2C2587F6CE001921B0 /* Base */,
			);
			name = LaunchScreen.storyboard;
			sourceTree = "<group>";
		};
/* End PBXVariantGroup section */

/* Begin XCBuildConfiguration section */
		3C7C8B452587F6CE001921B0 /* Debug */ = {
			isa = XCBuildConfiguration;
			buildSettings = {
				ALWAYS_SEARCH_USER_PATHS = NO;
				CLANG_ANALYZER_NONNULL = YES;
				CLANG_ANALYZER_NUMBER_OBJECT_CONVERSION = YES_AGGRESSIVE;
				CLANG_CXX_LANGUAGE_STANDARD = "gnu++14";
				CLANG_CXX_LIBRARY = "libc++";
				CLANG_ENABLE_MODULES = YES;
				CLANG_ENABLE_OBJC_ARC = YES;
				CLANG_ENABLE_OBJC_WEAK = YES;
				CLANG_WARN_BLOCK_CAPTURE_AUTORELEASING = YES;
				CLANG_WARN_BOOL_CONVERSION = YES;
				CLANG_WARN_COMMA = YES;
				CLANG_WARN_CONSTANT_CONVERSION = YES;
				CLANG_WARN_DEPRECATED_OBJC_IMPLEMENTATIONS = YES;
				CLANG_WARN_DIRECT_OBJC_ISA_USAGE = YES_ERROR;
				CLANG_WARN_DOCUMENTATION_COMMENTS = YES;
				CLANG_WARN_EMPTY_BODY = YES;
				CLANG_WARN_ENUM_CONVERSION = YES;
				CLANG_WARN_INFINITE_RECURSION = YES;
				CLANG_WARN_INT_CONVERSION = YES;
				CLANG_WARN_NON_LITERAL_NULL_CONVERSION = YES;
				CLANG_WARN_OBJC_IMPLICIT_RETAIN_SELF = YES;
				CLANG_WARN_OBJC_LITERAL_CONVERSION = YES;
				CLANG_WARN_OBJC_ROOT_CLASS = YES_ERROR;
				CLANG_WARN_QUOTED_INCLUDE_IN_FRAMEWORK_HEADER = YES;
				CLANG_WARN_RANGE_LOOP_ANALYSIS = YES;
				CLANG_WARN_STRICT_PROTOTYPES = YES;
				CLANG_WARN_SUSPICIOUS_MOVE = YES;
				CLANG_WARN_UNGUARDED_AVAILABILITY = YES_AGGRESSIVE;
				CLANG_WARN_UNREACHABLE_CODE = YES;
				CLANG_WARN__DUPLICATE_METHOD_MATCH = YES;
				COPY_PHASE_STRIP = NO;
				DEBUG_INFORMATION_FORMAT = dwarf;
				ENABLE_STRICT_OBJC_MSGSEND = YES;
				ENABLE_TESTABILITY = YES;
				GCC_C_LANGUAGE_STANDARD = gnu11;
				GCC_DYNAMIC_NO_PIC = NO;
				GCC_NO_COMMON_BLOCKS = YES;
				GCC_OPTIMIZATION_LEVEL = 0;
				GCC_PREPROCESSOR_DEFINITIONS = (
					"DEBUG=1",
					"$(inherited)",
				);
				GCC_WARN_64_TO_32_BIT_CONVERSION = YES;
				GCC_WARN_ABOUT_RETURN_TYPE = YES_ERROR;
				GCC_WARN_UNDECLARED_SELECTOR = YES;
				GCC_WARN_UNINITIALIZED_AUTOS = YES_AGGRESSIVE;
				GCC_WARN_UNUSED_FUNCTION = YES;
				GCC_WARN_UNUSED_VARIABLE = YES;
				IPHONEOS_DEPLOYMENT_TARGET = 14.2;
				MTL_ENABLE_DEBUG_INFO = INCLUDE_SOURCE;
				MTL_FAST_MATH = YES;
				ONLY_ACTIVE_ARCH = YES;
				SDKROOT = iphoneos;
				SWIFT_ACTIVE_COMPILATION_CONDITIONS = DEBUG;
				SWIFT_OPTIMIZATION_LEVEL = "-Onone";
			};
			name = Debug;
		};
		3C7C8B462587F6CF001921B0 /* Release */ = {
			isa = XCBuildConfiguration;
			buildSettings = {
				ALWAYS_SEARCH_USER_PATHS = NO;
				CLANG_ANALYZER_NONNULL = YES;
				CLANG_ANALYZER_NUMBER_OBJECT_CONVERSION = YES_AGGRESSIVE;
				CLANG_CXX_LANGUAGE_STANDARD = "gnu++14";
				CLANG_CXX_LIBRARY = "libc++";
				CLANG_ENABLE_MODULES = YES;
				CLANG_ENABLE_OBJC_ARC = YES;
				CLANG_ENABLE_OBJC_WEAK = YES;
				CLANG_WARN_BLOCK_CAPTURE_AUTORELEASING = YES;
				CLANG_WARN_BOOL_CONVERSION = YES;
				CLANG_WARN_COMMA = YES;
				CLANG_WARN_CONSTANT_CONVERSION = YES;
				CLANG_WARN_DEPRECATED_OBJC_IMPLEMENTATIONS = YES;
				CLANG_WARN_DIRECT_OBJC_ISA_USAGE = YES_ERROR;
				CLANG_WARN_DOCUMENTATION_COMMENTS = YES;
				CLANG_WARN_EMPTY_BODY = YES;
				CLANG_WARN_ENUM_CONVERSION = YES;
				CLANG_WARN_INFINITE_RECURSION = YES;
				CLANG_WARN_INT_CONVERSION = YES;
				CLANG_WARN_NON_LITERAL_NULL_CONVERSION = YES;
				CLANG_WARN_OBJC_IMPLICIT_RETAIN_SELF = YES;
				CLANG_WARN_OBJC_LITERAL_CONVERSION = YES;
				CLANG_WARN_OBJC_ROOT_CLASS = YES_ERROR;
				CLANG_WARN_QUOTED_INCLUDE_IN_FRAMEWORK_HEADER = YES;
				CLANG_WARN_RANGE_LOOP_ANALYSIS = YES;
				CLANG_WARN_STRICT_PROTOTYPES = YES;
				CLANG_WARN_SUSPICIOUS_MOVE = YES;
				CLANG_WARN_UNGUARDED_AVAILABILITY = YES_AGGRESSIVE;
				CLANG_WARN_UNREACHABLE_CODE = YES;
				CLANG_WARN__DUPLICATE_METHOD_MATCH = YES;
				COPY_PHASE_STRIP = NO;
				DEBUG_INFORMATION_FORMAT = "dwarf-with-dsym";
				ENABLE_NS_ASSERTIONS = NO;
				ENABLE_STRICT_OBJC_MSGSEND = YES;
				GCC_C_LANGUAGE_STANDARD = gnu11;
				GCC_NO_COMMON_BLOCKS = YES;
				GCC_WARN_64_TO_32_BIT_CONVERSION = YES;
				GCC_WARN_ABOUT_RETURN_TYPE = YES_ERROR;
				GCC_WARN_UNDECLARED_SELECTOR = YES;
				GCC_WARN_UNINITIALIZED_AUTOS = YES_AGGRESSIVE;
				GCC_WARN_UNUSED_FUNCTION = YES;
				GCC_WARN_UNUSED_VARIABLE = YES;
				IPHONEOS_DEPLOYMENT_TARGET = 14.2;
				MTL_ENABLE_DEBUG_INFO = NO;
				MTL_FAST_MATH = YES;
				SDKROOT = iphoneos;
				SWIFT_COMPILATION_MODE = wholemodule;
				SWIFT_OPTIMIZATION_LEVEL = "-O";
				VALIDATE_PRODUCT = YES;
			};
			name = Release;
		};
		3C7C8B482587F6CF001921B0 /* Debug */ = {
			isa = XCBuildConfiguration;
			buildSettings = {
				ASSETCATALOG_COMPILER_APPICON_NAME = AppIcon;
				ASSETCATALOG_COMPILER_GLOBAL_ACCENT_COLOR_NAME = AccentColor;
				CODE_SIGN_STYLE = Automatic;
				DEVELOPMENT_TEAM = 55462NSWY2;
				INFOPLIST_FILE = TwitterClone/Info.plist;
				LD_RUNPATH_SEARCH_PATHS = (
					"$(inherited)",
					"@executable_path/Frameworks",
				);
				PRODUCT_BUNDLE_IDENTIFIER = com.levishchev.TwitterClone;
				PRODUCT_NAME = "$(TARGET_NAME)";
				SWIFT_VERSION = 5.0;
				TARGETED_DEVICE_FAMILY = "1,2";
			};
			name = Debug;
		};
		3C7C8B492587F6CF001921B0 /* Release */ = {
			isa = XCBuildConfiguration;
			buildSettings = {
				ASSETCATALOG_COMPILER_APPICON_NAME = AppIcon;
				ASSETCATALOG_COMPILER_GLOBAL_ACCENT_COLOR_NAME = AccentColor;
				CODE_SIGN_STYLE = Automatic;
				DEVELOPMENT_TEAM = 55462NSWY2;
				INFOPLIST_FILE = TwitterClone/Info.plist;
				LD_RUNPATH_SEARCH_PATHS = (
					"$(inherited)",
					"@executable_path/Frameworks",
				);
				PRODUCT_BUNDLE_IDENTIFIER = com.levishchev.TwitterClone;
				PRODUCT_NAME = "$(TARGET_NAME)";
				SWIFT_VERSION = 5.0;
				TARGETED_DEVICE_FAMILY = "1,2";
			};
			name = Release;
		};
		3C7C8B4B2587F6CF001921B0 /* Debug */ = {
			isa = XCBuildConfiguration;
			buildSettings = {
				ALWAYS_EMBED_SWIFT_STANDARD_LIBRARIES = YES;
				BUNDLE_LOADER = "$(TEST_HOST)";
				CODE_SIGN_STYLE = Automatic;
				DEVELOPMENT_TEAM = 55462NSWY2;
				INFOPLIST_FILE = TwitterCloneTests/Info.plist;
				IPHONEOS_DEPLOYMENT_TARGET = 14.2;
				LD_RUNPATH_SEARCH_PATHS = (
					"$(inherited)",
					"@executable_path/Frameworks",
					"@loader_path/Frameworks",
				);
				PRODUCT_BUNDLE_IDENTIFIER = com.levishchev.TwitterCloneTests;
				PRODUCT_NAME = "$(TARGET_NAME)";
				SWIFT_VERSION = 5.0;
				TARGETED_DEVICE_FAMILY = "1,2";
				TEST_HOST = "$(BUILT_PRODUCTS_DIR)/TwitterClone.app/TwitterClone";
			};
			name = Debug;
		};
		3C7C8B4C2587F6CF001921B0 /* Release */ = {
			isa = XCBuildConfiguration;
			buildSettings = {
				ALWAYS_EMBED_SWIFT_STANDARD_LIBRARIES = YES;
				BUNDLE_LOADER = "$(TEST_HOST)";
				CODE_SIGN_STYLE = Automatic;
				DEVELOPMENT_TEAM = 55462NSWY2;
				INFOPLIST_FILE = TwitterCloneTests/Info.plist;
				IPHONEOS_DEPLOYMENT_TARGET = 14.2;
				LD_RUNPATH_SEARCH_PATHS = (
					"$(inherited)",
					"@executable_path/Frameworks",
					"@loader_path/Frameworks",
				);
				PRODUCT_BUNDLE_IDENTIFIER = com.levishchev.TwitterCloneTests;
				PRODUCT_NAME = "$(TARGET_NAME)";
				SWIFT_VERSION = 5.0;
				TARGETED_DEVICE_FAMILY = "1,2";
				TEST_HOST = "$(BUILT_PRODUCTS_DIR)/TwitterClone.app/TwitterClone";
			};
			name = Release;
		};
		3C7C8B4E2587F6CF001921B0 /* Debug */ = {
			isa = XCBuildConfiguration;
			buildSettings = {
				ALWAYS_EMBED_SWIFT_STANDARD_LIBRARIES = YES;
				CODE_SIGN_STYLE = Automatic;
				DEVELOPMENT_TEAM = 55462NSWY2;
				INFOPLIST_FILE = TwitterCloneUITests/Info.plist;
				LD_RUNPATH_SEARCH_PATHS = (
					"$(inherited)",
					"@executable_path/Frameworks",
					"@loader_path/Frameworks",
				);
				PRODUCT_BUNDLE_IDENTIFIER = com.levishchev.TwitterCloneUITests;
				PRODUCT_NAME = "$(TARGET_NAME)";
				SWIFT_VERSION = 5.0;
				TARGETED_DEVICE_FAMILY = "1,2";
				TEST_TARGET_NAME = TwitterClone;
			};
			name = Debug;
		};
		3C7C8B4F2587F6CF001921B0 /* Release */ = {
			isa = XCBuildConfiguration;
			buildSettings = {
				ALWAYS_EMBED_SWIFT_STANDARD_LIBRARIES = YES;
				CODE_SIGN_STYLE = Automatic;
				DEVELOPMENT_TEAM = 55462NSWY2;
				INFOPLIST_FILE = TwitterCloneUITests/Info.plist;
				LD_RUNPATH_SEARCH_PATHS = (
					"$(inherited)",
					"@executable_path/Frameworks",
					"@loader_path/Frameworks",
				);
				PRODUCT_BUNDLE_IDENTIFIER = com.levishchev.TwitterCloneUITests;
				PRODUCT_NAME = "$(TARGET_NAME)";
				SWIFT_VERSION = 5.0;
				TARGETED_DEVICE_FAMILY = "1,2";
				TEST_TARGET_NAME = TwitterClone;
			};
			name = Release;
		};
/* End XCBuildConfiguration section */

/* Begin XCConfigurationList section */
		3C7C8B152587F6C7001921B0 /* Build configuration list for PBXProject "TwitterClone" */ = {
			isa = XCConfigurationList;
			buildConfigurations = (
				3C7C8B452587F6CE001921B0 /* Debug */,
				3C7C8B462587F6CF001921B0 /* Release */,
			);
			defaultConfigurationIsVisible = 0;
			defaultConfigurationName = Release;
		};
		3C7C8B472587F6CF001921B0 /* Build configuration list for PBXNativeTarget "TwitterClone" */ = {
			isa = XCConfigurationList;
			buildConfigurations = (
				3C7C8B482587F6CF001921B0 /* Debug */,
				3C7C8B492587F6CF001921B0 /* Release */,
			);
			defaultConfigurationIsVisible = 0;
			defaultConfigurationName = Release;
		};
		3C7C8B4A2587F6CF001921B0 /* Build configuration list for PBXNativeTarget "TwitterCloneTests" */ = {
			isa = XCConfigurationList;
			buildConfigurations = (
				3C7C8B4B2587F6CF001921B0 /* Debug */,
				3C7C8B4C2587F6CF001921B0 /* Release */,
			);
			defaultConfigurationIsVisible = 0;
			defaultConfigurationName = Release;
		};
		3C7C8B4D2587F6CF001921B0 /* Build configuration list for PBXNativeTarget "TwitterCloneUITests" */ = {
			isa = XCConfigurationList;
			buildConfigurations = (
				3C7C8B4E2587F6CF001921B0 /* Debug */,
				3C7C8B4F2587F6CF001921B0 /* Release */,
			);
			defaultConfigurationIsVisible = 0;
			defaultConfigurationName = Release;
		};
/* End XCConfigurationList section */

/* Begin XCVersionGroup section */
		3C7C8B262587F6C7001921B0 /* TwitterClone.xcdatamodeld */ = {
			isa = XCVersionGroup;
			children = (
				3C7C8B272587F6C7001921B0 /* TwitterClone.xcdatamodel */,
			);
			currentVersion = 3C7C8B272587F6C7001921B0 /* TwitterClone.xcdatamodel */;
			path = TwitterClone.xcdatamodeld;
			sourceTree = "<group>";
			versionGroupType = wrapper.xcdatamodel;
		};
/* End XCVersionGroup section */
	};
	rootObject = 3C7C8B122587F6C7001921B0 /* Project object */;
}
